
Microsoft Visual Studio Solution File, Format Version 12.00
# Visual Studio 2012
VisualStudioVersion = 14.0.25123.0
MinimumVisualStudioVersion = 10.0.40219.1
Project("{FAE04EC0-301F-11D3-BF4B-00C04F79EFBC}") = "Mutanda.Droid", "MutandaPRD\Mutanda.Droid\Mutanda.Droid.csproj", "{31591669-D263-46A9-BEE1-6CDC680E9D77}"
EndProject
Project("{FAE04EC0-301F-11D3-BF4B-00C04F79EFBC}") = "Mutanda", "MutandaPRD\Mutanda\Mutanda.csproj", "{EB78322A-A06F-487D-8DF0-172F76422AAA}"
EndProject
Project("{FAE04EC0-301F-11D3-BF4B-00C04F79EFBC}") = "Mutanda.iOS", "MutandaPRD\Mutanda.iOS\Mutanda.iOS.csproj", "{0D4047A5-FBCD-4906-BA46-0C7DBDE522AB}"
EndProject
Global
	GlobalSection(SolutionConfigurationPlatforms) = preSolution
		Ad-Hoc|Any CPU = Ad-Hoc|Any CPU
		Ad-Hoc|ARM = Ad-Hoc|ARM
		Ad-Hoc|iPhone = Ad-Hoc|iPhone
		Ad-Hoc|iPhoneSimulator = Ad-Hoc|iPhoneSimulator
		Ad-Hoc|x64 = Ad-Hoc|x64
		Ad-Hoc|x86 = Ad-Hoc|x86
		AppStore|Any CPU = AppStore|Any CPU
		AppStore|ARM = AppStore|ARM
		AppStore|iPhone = AppStore|iPhone
		AppStore|iPhoneSimulator = AppStore|iPhoneSimulator
		AppStore|x64 = AppStore|x64
		AppStore|x86 = AppStore|x86
		Debug|Any CPU = Debug|Any CPU
		Debug|ARM = Debug|ARM
		Debug|iPhone = Debug|iPhone
		Debug|iPhoneSimulator = Debug|iPhoneSimulator
		Debug|x64 = Debug|x64
		Debug|x86 = Debug|x86
		Release|Any CPU = Release|Any CPU
		Release|ARM = Release|ARM
		Release|iPhone = Release|iPhone
		Release|iPhoneSimulator = Release|iPhoneSimulator
		Release|x64 = Release|x64
		Release|x86 = Release|x86
	EndGlobalSection
	GlobalSection(ProjectConfigurationPlatforms) = postSolution
		{0D4047A5-FBCD-4906-BA46-0C7DBDE522AB}.Ad-Hoc|Any CPU.ActiveCfg = Debug|iPhoneSimulator
		{0D4047A5-FBCD-4906-BA46-0C7DBDE522AB}.Ad-Hoc|Any CPU.Build.0 = Debug|iPhoneSimulator
		{0D4047A5-FBCD-4906-BA46-0C7DBDE522AB}.Ad-Hoc|ARM.ActiveCfg = Debug|iPhoneSimulator
		{0D4047A5-FBCD-4906-BA46-0C7DBDE522AB}.Ad-Hoc|ARM.Build.0 = Debug|iPhoneSimulator
		{0D4047A5-FBCD-4906-BA46-0C7DBDE522AB}.Ad-Hoc|iPhone.ActiveCfg = Release|iPhone
		{0D4047A5-FBCD-4906-BA46-0C7DBDE522AB}.Ad-Hoc|iPhone.Build.0 = Release|iPhone
		{0D4047A5-FBCD-4906-BA46-0C7DBDE522AB}.Ad-Hoc|iPhoneSimulator.ActiveCfg = Debug|iPhoneSimulator
		{0D4047A5-FBCD-4906-BA46-0C7DBDE522AB}.Ad-Hoc|iPhoneSimulator.Build.0 = Debug|iPhoneSimulator
		{0D4047A5-FBCD-4906-BA46-0C7DBDE522AB}.Ad-Hoc|x64.ActiveCfg = Debug|iPhoneSimulator
		{0D4047A5-FBCD-4906-BA46-0C7DBDE522AB}.Ad-Hoc|x64.Build.0 = Debug|iPhoneSimulator
		{0D4047A5-FBCD-4906-BA46-0C7DBDE522AB}.Ad-Hoc|x86.ActiveCfg = Debug|iPhoneSimulator
		{0D4047A5-FBCD-4906-BA46-0C7DBDE522AB}.Ad-Hoc|x86.Build.0 = Debug|iPhoneSimulator
		{0D4047A5-FBCD-4906-BA46-0C7DBDE522AB}.AppStore|Any CPU.ActiveCfg = Debug|iPhoneSimulator
		{0D4047A5-FBCD-4906-BA46-0C7DBDE522AB}.AppStore|Any CPU.Build.0 = Debug|iPhoneSimulator
		{0D4047A5-FBCD-4906-BA46-0C7DBDE522AB}.AppStore|ARM.ActiveCfg = Debug|iPhoneSimulator
		{0D4047A5-FBCD-4906-BA46-0C7DBDE522AB}.AppStore|ARM.Build.0 = Debug|iPhoneSimulator
		{0D4047A5-FBCD-4906-BA46-0C7DBDE522AB}.AppStore|iPhone.ActiveCfg = Release|iPhone
		{0D4047A5-FBCD-4906-BA46-0C7DBDE522AB}.AppStore|iPhone.Build.0 = Release|iPhone
		{0D4047A5-FBCD-4906-BA46-0C7DBDE522AB}.AppStore|iPhoneSimulator.ActiveCfg = Debug|iPhoneSimulator
		{0D4047A5-FBCD-4906-BA46-0C7DBDE522AB}.AppStore|iPhoneSimulator.Build.0 = Debug|iPhoneSimulator
		{0D4047A5-FBCD-4906-BA46-0C7DBDE522AB}.AppStore|x64.ActiveCfg = Debug|iPhoneSimulator
		{0D4047A5-FBCD-4906-BA46-0C7DBDE522AB}.AppStore|x64.Build.0 = Debug|iPhoneSimulator
		{0D4047A5-FBCD-4906-BA46-0C7DBDE522AB}.AppStore|x86.ActiveCfg = Debug|iPhoneSimulator
		{0D4047A5-FBCD-4906-BA46-0C7DBDE522AB}.AppStore|x86.Build.0 = Debug|iPhoneSimulator
		{0D4047A5-FBCD-4906-BA46-0C7DBDE522AB}.Debug|Any CPU.ActiveCfg = Debug|iPhoneSimulator
		{0D4047A5-FBCD-4906-BA46-0C7DBDE522AB}.Debug|Any CPU.Build.0 = Debug|iPhoneSimulator
		{0D4047A5-FBCD-4906-BA46-0C7DBDE522AB}.Debug|ARM.ActiveCfg = Debug|iPhoneSimulator
		{0D4047A5-FBCD-4906-BA46-0C7DBDE522AB}.Debug|ARM.Build.0 = Debug|iPhoneSimulator
		{0D4047A5-FBCD-4906-BA46-0C7DBDE522AB}.Debug|iPhone.ActiveCfg = Debug|iPhone
		{0D4047A5-FBCD-4906-BA46-0C7DBDE522AB}.Debug|iPhone.Build.0 = Debug|iPhone
		{0D4047A5-FBCD-4906-BA46-0C7DBDE522AB}.Debug|iPhoneSimulator.ActiveCfg = Debug|iPhoneSimulator
		{0D4047A5-FBCD-4906-BA46-0C7DBDE522AB}.Debug|iPhoneSimulator.Build.0 = Debug|iPhoneSimulator
		{0D4047A5-FBCD-4906-BA46-0C7DBDE522AB}.Debug|x64.ActiveCfg = Debug|iPhoneSimulator
		{0D4047A5-FBCD-4906-BA46-0C7DBDE522AB}.Debug|x64.Build.0 = Debug|iPhoneSimulator
		{0D4047A5-FBCD-4906-BA46-0C7DBDE522AB}.Debug|x86.ActiveCfg = Debug|iPhoneSimulator
		{0D4047A5-FBCD-4906-BA46-0C7DBDE522AB}.Debug|x86.Build.0 = Debug|iPhoneSimulator
		{0D4047A5-FBCD-4906-BA46-0C7DBDE522AB}.Release|Any CPU.ActiveCfg = Release|iPhone
		{0D4047A5-FBCD-4906-BA46-0C7DBDE522AB}.Release|Any CPU.Build.0 = Release|iPhone
		{0D4047A5-FBCD-4906-BA46-0C7DBDE522AB}.Release|ARM.ActiveCfg = Release|iPhone
		{0D4047A5-FBCD-4906-BA46-0C7DBDE522AB}.Release|ARM.Build.0 = Release|iPhone
		{0D4047A5-FBCD-4906-BA46-0C7DBDE522AB}.Release|iPhone.ActiveCfg = Release|iPhone
		{0D4047A5-FBCD-4906-BA46-0C7DBDE522AB}.Release|iPhone.Build.0 = Release|iPhone
		{0D4047A5-FBCD-4906-BA46-0C7DBDE522AB}.Release|iPhoneSimulator.ActiveCfg = Release|iPhoneSimulator
		{0D4047A5-FBCD-4906-BA46-0C7DBDE522AB}.Release|iPhoneSimulator.Build.0 = Release|iPhoneSimulator
		{0D4047A5-FBCD-4906-BA46-0C7DBDE522AB}.Release|x64.ActiveCfg = Release|iPhone
		{0D4047A5-FBCD-4906-BA46-0C7DBDE522AB}.Release|x64.Build.0 = Release|iPhone
		{0D4047A5-FBCD-4906-BA46-0C7DBDE522AB}.Release|x86.ActiveCfg = Release|iPhone
		{0D4047A5-FBCD-4906-BA46-0C7DBDE522AB}.Release|x86.Build.0 = Release|iPhone
		{31591669-D263-46A9-BEE1-6CDC680E9D77}.Ad-Hoc|Any CPU.ActiveCfg = Release|Any CPU
		{31591669-D263-46A9-BEE1-6CDC680E9D77}.Ad-Hoc|Any CPU.Build.0 = Release|Any CPU
		{31591669-D263-46A9-BEE1-6CDC680E9D77}.Ad-Hoc|Any CPU.Deploy.0 = Release|Any CPU
		{31591669-D263-46A9-BEE1-6CDC680E9D77}.Ad-Hoc|ARM.ActiveCfg = Release|Any CPU
		{31591669-D263-46A9-BEE1-6CDC680E9D77}.Ad-Hoc|ARM.Build.0 = Release|Any CPU
		{31591669-D263-46A9-BEE1-6CDC680E9D77}.Ad-Hoc|ARM.Deploy.0 = Release|Any CPU
		{31591669-D263-46A9-BEE1-6CDC680E9D77}.Ad-Hoc|iPhone.ActiveCfg = Release|Any CPU
		{31591669-D263-46A9-BEE1-6CDC680E9D77}.Ad-Hoc|iPhone.Build.0 = Release|Any CPU
		{31591669-D263-46A9-BEE1-6CDC680E9D77}.Ad-Hoc|iPhone.Deploy.0 = Release|Any CPU
		{31591669-D263-46A9-BEE1-6CDC680E9D77}.Ad-Hoc|iPhoneSimulator.ActiveCfg = Release|Any CPU
		{31591669-D263-46A9-BEE1-6CDC680E9D77}.Ad-Hoc|iPhoneSimulator.Build.0 = Release|Any CPU
		{31591669-D263-46A9-BEE1-6CDC680E9D77}.Ad-Hoc|iPhoneSimulator.Deploy.0 = Release|Any CPU
		{31591669-D263-46A9-BEE1-6CDC680E9D77}.Ad-Hoc|x64.ActiveCfg = Release|Any CPU
		{31591669-D263-46A9-BEE1-6CDC680E9D77}.Ad-Hoc|x64.Build.0 = Release|Any CPU
		{31591669-D263-46A9-BEE1-6CDC680E9D77}.Ad-Hoc|x64.Deploy.0 = Release|Any CPU
		{31591669-D263-46A9-BEE1-6CDC680E9D77}.Ad-Hoc|x86.ActiveCfg = Release|Any CPU
		{31591669-D263-46A9-BEE1-6CDC680E9D77}.Ad-Hoc|x86.Build.0 = Release|Any CPU
		{31591669-D263-46A9-BEE1-6CDC680E9D77}.Ad-Hoc|x86.Deploy.0 = Release|Any CPU
		{31591669-D263-46A9-BEE1-6CDC680E9D77}.AppStore|Any CPU.ActiveCfg = Release|Any CPU
		{31591669-D263-46A9-BEE1-6CDC680E9D77}.AppStore|Any CPU.Build.0 = Release|Any CPU
		{31591669-D263-46A9-BEE1-6CDC680E9D77}.AppStore|Any CPU.Deploy.0 = Release|Any CPU
		{31591669-D263-46A9-BEE1-6CDC680E9D77}.AppStore|ARM.ActiveCfg = Release|Any CPU
		{31591669-D263-46A9-BEE1-6CDC680E9D77}.AppStore|ARM.Build.0 = Release|Any CPU
		{31591669-D263-46A9-BEE1-6CDC680E9D77}.AppStore|ARM.Deploy.0 = Release|Any CPU
		{31591669-D263-46A9-BEE1-6CDC680E9D77}.AppStore|iPhone.ActiveCfg = Release|Any CPU
		{31591669-D263-46A9-BEE1-6CDC680E9D77}.AppStore|iPhone.Build.0 = Release|Any CPU
		{31591669-D263-46A9-BEE1-6CDC680E9D77}.AppStore|iPhone.Deploy.0 = Release|Any CPU
		{31591669-D263-46A9-BEE1-6CDC680E9D77}.AppStore|iPhoneSimulator.ActiveCfg = Release|Any CPU
		{31591669-D263-46A9-BEE1-6CDC680E9D77}.AppStore|iPhoneSimulator.Build.0 = Release|Any CPU
		{31591669-D263-46A9-BEE1-6CDC680E9D77}.AppStore|iPhoneSimulator.Deploy.0 = Release|Any CPU
		{31591669-D263-46A9-BEE1-6CDC680E9D77}.AppStore|x64.ActiveCfg = Release|Any CPU
		{31591669-D263-46A9-BEE1-6CDC680E9D77}.AppStore|x64.Build.0 = Release|Any CPU
		{31591669-D263-46A9-BEE1-6CDC680E9D77}.AppStore|x64.Deploy.0 = Release|Any CPU
		{31591669-D263-46A9-BEE1-6CDC680E9D77}.AppStore|x86.ActiveCfg = Release|Any CPU
		{31591669-D263-46A9-BEE1-6CDC680E9D77}.AppStore|x86.Build.0 = Release|Any CPU
		{31591669-D263-46A9-BEE1-6CDC680E9D77}.AppStore|x86.Deploy.0 = Release|Any CPU
		{31591669-D263-46A9-BEE1-6CDC680E9D77}.Debug|Any CPU.ActiveCfg = Debug|Any CPU
		{31591669-D263-46A9-BEE1-6CDC680E9D77}.Debug|Any CPU.Build.0 = Debug|Any CPU
		{31591669-D263-46A9-BEE1-6CDC680E9D77}.Debug|Any CPU.Deploy.0 = Debug|Any CPU
		{31591669-D263-46A9-BEE1-6CDC680E9D77}.Debug|ARM.ActiveCfg = Debug|Any CPU
		{31591669-D263-46A9-BEE1-6CDC680E9D77}.Debug|ARM.Build.0 = Debug|Any CPU
		{31591669-D263-46A9-BEE1-6CDC680E9D77}.Debug|ARM.Deploy.0 = Debug|Any CPU
		{31591669-D263-46A9-BEE1-6CDC680E9D77}.Debug|iPhone.ActiveCfg = Debug|Any CPU
		{31591669-D263-46A9-BEE1-6CDC680E9D77}.Debug|iPhone.Build.0 = Debug|Any CPU
		{31591669-D263-46A9-BEE1-6CDC680E9D77}.Debug|iPhone.Deploy.0 = Debug|Any CPU
		{31591669-D263-46A9-BEE1-6CDC680E9D77}.Debug|iPhoneSimulator.ActiveCfg = Debug|Any CPU
		{31591669-D263-46A9-BEE1-6CDC680E9D77}.Debug|iPhoneSimulator.Build.0 = Debug|Any CPU
		{31591669-D263-46A9-BEE1-6CDC680E9D77}.Debug|iPhoneSimulator.Deploy.0 = Debug|Any CPU
		{31591669-D263-46A9-BEE1-6CDC680E9D77}.Debug|x64.ActiveCfg = Debug|Any CPU
		{31591669-D263-46A9-BEE1-6CDC680E9D77}.Debug|x64.Build.0 = Debug|Any CPU
		{31591669-D263-46A9-BEE1-6CDC680E9D77}.Debug|x64.Deploy.0 = Debug|Any CPU
		{31591669-D263-46A9-BEE1-6CDC680E9D77}.Debug|x86.ActiveCfg = Debug|Any CPU
		{31591669-D263-46A9-BEE1-6CDC680E9D77}.Debug|x86.Build.0 = Debug|Any CPU
		{31591669-D263-46A9-BEE1-6CDC680E9D77}.Debug|x86.Deploy.0 = Debug|Any CPU
		{31591669-D263-46A9-BEE1-6CDC680E9D77}.Release|Any CPU.ActiveCfg = Release|Any CPU
		{31591669-D263-46A9-BEE1-6CDC680E9D77}.Release|Any CPU.Build.0 = Release|Any CPU
		{31591669-D263-46A9-BEE1-6CDC680E9D77}.Release|Any CPU.Deploy.0 = Release|Any CPU
		{31591669-D263-46A9-BEE1-6CDC680E9D77}.Release|ARM.ActiveCfg = Release|Any CPU
		{31591669-D263-46A9-BEE1-6CDC680E9D77}.Release|ARM.Build.0 = Release|Any CPU
		{31591669-D263-46A9-BEE1-6CDC680E9D77}.Release|ARM.Deploy.0 = Release|Any CPU
		{31591669-D263-46A9-BEE1-6CDC680E9D77}.Release|iPhone.ActiveCfg = Release|Any CPU
		{31591669-D263-46A9-BEE1-6CDC680E9D77}.Release|iPhone.Build.0 = Release|Any CPU
		{31591669-D263-46A9-BEE1-6CDC680E9D77}.Release|iPhone.Deploy.0 = Release|Any CPU
		{31591669-D263-46A9-BEE1-6CDC680E9D77}.Release|iPhoneSimulator.ActiveCfg = Release|Any CPU
		{31591669-D263-46A9-BEE1-6CDC680E9D77}.Release|iPhoneSimulator.Build.0 = Release|Any CPU
		{31591669-D263-46A9-BEE1-6CDC680E9D77}.Release|iPhoneSimulator.Deploy.0 = Release|Any CPU
		{31591669-D263-46A9-BEE1-6CDC680E9D77}.Release|x64.ActiveCfg = Release|Any CPU
		{31591669-D263-46A9-BEE1-6CDC680E9D77}.Release|x64.Build.0 = Release|Any CPU
		{31591669-D263-46A9-BEE1-6CDC680E9D77}.Release|x64.Deploy.0 = Release|Any CPU
		{31591669-D263-46A9-BEE1-6CDC680E9D77}.Release|x86.ActiveCfg = Release|Any CPU
		{31591669-D263-46A9-BEE1-6CDC680E9D77}.Release|x86.Build.0 = Release|Any CPU
		{31591669-D263-46A9-BEE1-6CDC680E9D77}.Release|x86.Deploy.0 = Release|Any CPU
		{EB78322A-A06F-487D-8DF0-172F76422AAA}.Ad-Hoc|Any CPU.ActiveCfg = Release|Any CPU
		{EB78322A-A06F-487D-8DF0-172F76422AAA}.Ad-Hoc|Any CPU.Build.0 = Release|Any CPU
		{EB78322A-A06F-487D-8DF0-172F76422AAA}.Ad-Hoc|ARM.ActiveCfg = Release|Any CPU
		{EB78322A-A06F-487D-8DF0-172F76422AAA}.Ad-Hoc|ARM.Build.0 = Release|Any CPU
		{EB78322A-A06F-487D-8DF0-172F76422AAA}.Ad-Hoc|iPhone.ActiveCfg = Release|Any CPU
		{EB78322A-A06F-487D-8DF0-172F76422AAA}.Ad-Hoc|iPhone.Build.0 = Release|Any CPU
		{EB78322A-A06F-487D-8DF0-172F76422AAA}.Ad-Hoc|iPhoneSimulator.ActiveCfg = Release|Any CPU
		{EB78322A-A06F-487D-8DF0-172F76422AAA}.Ad-Hoc|iPhoneSimulator.Build.0 = Release|Any CPU
		{EB78322A-A06F-487D-8DF0-172F76422AAA}.Ad-Hoc|x64.ActiveCfg = Release|Any CPU
		{EB78322A-A06F-487D-8DF0-172F76422AAA}.Ad-Hoc|x64.Build.0 = Release|Any CPU
		{EB78322A-A06F-487D-8DF0-172F76422AAA}.Ad-Hoc|x86.ActiveCfg = Release|Any CPU
		{EB78322A-A06F-487D-8DF0-172F76422AAA}.Ad-Hoc|x86.Build.0 = Release|Any CPU
		{EB78322A-A06F-487D-8DF0-172F76422AAA}.AppStore|Any CPU.ActiveCfg = Release|Any CPU
		{EB78322A-A06F-487D-8DF0-172F76422AAA}.AppStore|Any CPU.Build.0 = Release|Any CPU
		{EB78322A-A06F-487D-8DF0-172F76422AAA}.AppStore|ARM.ActiveCfg = Release|Any CPU
		{EB78322A-A06F-487D-8DF0-172F76422AAA}.AppStore|ARM.Build.0 = Release|Any CPU
		{EB78322A-A06F-487D-8DF0-172F76422AAA}.AppStore|iPhone.ActiveCfg = Release|Any CPU
		{EB78322A-A06F-487D-8DF0-172F76422AAA}.AppStore|iPhone.Build.0 = Release|Any CPU
		{EB78322A-A06F-487D-8DF0-172F76422AAA}.AppStore|iPhoneSimulator.ActiveCfg = Release|Any CPU
		{EB78322A-A06F-487D-8DF0-172F76422AAA}.AppStore|iPhoneSimulator.Build.0 = Release|Any CPU
		{EB78322A-A06F-487D-8DF0-172F76422AAA}.AppStore|x64.ActiveCfg = Release|Any CPU
		{EB78322A-A06F-487D-8DF0-172F76422AAA}.AppStore|x64.Build.0 = Release|Any CPU
		{EB78322A-A06F-487D-8DF0-172F76422AAA}.AppStore|x86.ActiveCfg = Release|Any CPU
		{EB78322A-A06F-487D-8DF0-172F76422AAA}.AppStore|x86.Build.0 = Release|Any CPU
		{EB78322A-A06F-487D-8DF0-172F76422AAA}.Debug|Any CPU.ActiveCfg = Debug|Any CPU
		{EB78322A-A06F-487D-8DF0-172F76422AAA}.Debug|Any CPU.Build.0 = Debug|Any CPU
		{EB78322A-A06F-487D-8DF0-172F76422AAA}.Debug|Any CPU.Deploy.0 = Debug|Any CPU
		{EB78322A-A06F-487D-8DF0-172F76422AAA}.Debug|ARM.ActiveCfg = Debug|Any CPU
		{EB78322A-A06F-487D-8DF0-172F76422AAA}.Debug|ARM.Build.0 = Debug|Any CPU
		{EB78322A-A06F-487D-8DF0-172F76422AAA}.Debug|iPhone.ActiveCfg = Debug|Any CPU
		{EB78322A-A06F-487D-8DF0-172F76422AAA}.Debug|iPhone.Build.0 = Debug|Any CPU
		{EB78322A-A06F-487D-8DF0-172F76422AAA}.Debug|iPhoneSimulator.ActiveCfg = Debug|Any CPU
		{EB78322A-A06F-487D-8DF0-172F76422AAA}.Debug|iPhoneSimulator.Build.0 = Debug|Any CPU
		{EB78322A-A06F-487D-8DF0-172F76422AAA}.Debug|x64.ActiveCfg = Debug|Any CPU
		{EB78322A-A06F-487D-8DF0-172F76422AAA}.Debug|x64.Build.0 = Debug|Any CPU
		{EB78322A-A06F-487D-8DF0-172F76422AAA}.Debug|x86.ActiveCfg = Debug|Any CPU
		{EB78322A-A06F-487D-8DF0-172F76422AAA}.Debug|x86.Build.0 = Debug|Any CPU
		{EB78322A-A06F-487D-8DF0-172F76422AAA}.Release|Any CPU.ActiveCfg = Release|Any CPU
		{EB78322A-A06F-487D-8DF0-172F76422AAA}.Release|Any CPU.Build.0 = Release|Any CPU
		{EB78322A-A06F-487D-8DF0-172F76422AAA}.Release|ARM.ActiveCfg = Release|Any CPU
		{EB78322A-A06F-487D-8DF0-172F76422AAA}.Release|ARM.Build.0 = Release|Any CPU
		{EB78322A-A06F-487D-8DF0-172F76422AAA}.Release|iPhone.ActiveCfg = Release|Any CPU
		{EB78322A-A06F-487D-8DF0-172F76422AAA}.Release|iPhone.Build.0 = Release|Any CPU
		{EB78322A-A06F-487D-8DF0-172F76422AAA}.Release|iPhoneSimulator.ActiveCfg = Release|Any CPU
		{EB78322A-A06F-487D-8DF0-172F76422AAA}.Release|iPhoneSimulator.Build.0 = Release|Any CPU
		{EB78322A-A06F-487D-8DF0-172F76422AAA}.Release|x64.ActiveCfg = Release|Any CPU
		{EB78322A-A06F-487D-8DF0-172F76422AAA}.Release|x64.Build.0 = Release|Any CPU
		{EB78322A-A06F-487D-8DF0-172F76422AAA}.Release|x86.ActiveCfg = Release|Any CPU
		{EB78322A-A06F-487D-8DF0-172F76422AAA}.Release|x86.Build.0 = Release|Any CPU
	EndGlobalSection
	GlobalSection(MonoDevelopProperties) = preSolution
		Policies = $0
		$0.VersionControlPolicy = $1
		$1.inheritsSet = Mono
	EndGlobalSection
	GlobalSection(SolutionProperties) = preSolution
		HideSolutionNode = FALSE
	EndGlobalSection
EndGlobal
